{
  "object": {
    "pins": [
      {
        "package": "libde265",
        "repositoryURL": "https://github.com/SDWebImage/libde265-Xcode.git",
        "state": {
          "branch": null,
          "revision": "3410ee6f5f496681c545229e716f305862b4b5ac",
          "version": "1.0.15"
        }
      }
    ]
  },
  "version": 1
}
