{
  "object": {
    "pins": [
      {
        "package": "libde265",
        "repositoryURL": "https://github.com/SDWebImage/libde265-Xcode.git",
        "state": {
          "branch": null,
          "revision": "32508f7b91f74fddbac411b0c750392ae08c8f35",
          "version": "1.0.9-beta"
        }
      }
    ]
  },
  "version": 1
}
